
Microsoft Visual Studio Solution File, Format Version 11.00
# Visual Studio 2010
Project("{F184B08F-C81C-45F6-A57F-5ABD9991F28F}") = "ApplicationVB", "ApplicationVB\ApplicationVB.vbproj", "{B44AE041-2BFB-4BF8-AF43-810633E09053}"
EndProject
Global
	GlobalSection(SolutionConfigurationPlatforms) = preSolution
		Debug|x86 = Debug|x86
		Release|x86 = Release|x86
	EndGlobalSection
	GlobalSection(ProjectConfigurationPlatforms) = postSolution
		{B44AE041-2BFB-4BF8-AF43-810633E09053}.Debug|x86.ActiveCfg = Debug|x86
		{B44AE041-2BFB-4BF8-AF43-810633E09053}.Debug|x86.Build.0 = Debug|x86
		{B44AE041-2BFB-4BF8-AF43-810633E09053}.Release|x86.ActiveCfg = Release|x86
		{B44AE041-2BFB-4BF8-AF43-810633E09053}.Release|x86.Build.0 = Release|x86
	EndGlobalSection
	GlobalSection(SolutionProperties) = preSolution
		HideSolutionNode = FALSE
	EndGlobalSection
EndGlobal
